
Microsoft Visual Studio Solution File, Format Version 12.00
# Visual Studio Version 17
VisualStudioVersion = 17.2.32526.322
MinimumVisualStudioVersion = 10.0.40219.1
Project("{FAE04EC0-301F-11D3-BF4B-00C04F79EFBC}") = "EntityPosgardo", "EntityPosgardo\EntityPosgardo.csproj", "{14A737DE-6B37-43C9-89D3-2DEC520AB707}"
EndProject
Global
	GlobalSection(SolutionConfigurationPlatforms) = preSolution
		Debug|Any CPU = Debug|Any CPU
		Release|Any CPU = Release|Any CPU
	EndGlobalSection
	GlobalSection(ProjectConfigurationPlatforms) = postSolution
		{14A737DE-6B37-43C9-89D3-2DEC520AB707}.Debug|Any CPU.ActiveCfg = Debug|Any CPU
		{14A737DE-6B37-43C9-89D3-2DEC520AB707}.Debug|Any CPU.Build.0 = Debug|Any CPU
		{14A737DE-6B37-43C9-89D3-2DEC520AB707}.Release|Any CPU.ActiveCfg = Release|Any CPU
		{14A737DE-6B37-43C9-89D3-2DEC520AB707}.Release|Any CPU.Build.0 = Release|Any CPU
	EndGlobalSection
	GlobalSection(SolutionProperties) = preSolution
		HideSolutionNode = FALSE
	EndGlobalSection
	GlobalSection(ExtensibilityGlobals) = postSolution
		SolutionGuid = {4158D87A-0A65-4CD4-BB92-4425A64F5C1D}
	EndGlobalSection
EndGlobal
