
Microsoft Visual Studio Solution File, Format Version 12.00
# Visual Studio Version 17
VisualStudioVersion = 17.3.32901.215
MinimumVisualStudioVersion = 10.0.40219.1
Project("{FAE04EC0-301F-11D3-BF4B-00C04F79EFBC}") = "Proyecto01", "Proyecto01\Proyecto01.csproj", "{2F0D70A3-A6E6-40A3-8CF1-155A11453103}"
EndProject
Project("{9A19103F-16F7-4668-BE54-9A1E7A4F7556}") = "Api", "Api\Api.csproj", "{299D77E2-456C-4D12-B8F9-D0CF98D58BA3}"
EndProject
Project("{9A19103F-16F7-4668-BE54-9A1E7A4F7556}") = "Api.Test", "Api.Test\Api.Test.csproj", "{4C4BF1A8-4379-4D0D-B319-B51A7CC98462}"
EndProject
Project("{9A19103F-16F7-4668-BE54-9A1E7A4F7556}") = "Modelo", "Modelo\Modelo.csproj", "{0506D9BA-DDA8-406E-9937-E83C09EAC304}"
EndProject
Project("{9A19103F-16F7-4668-BE54-9A1E7A4F7556}") = "Infrestructura", "Infrestructura\Infrestructura.csproj", "{4CAD031E-3F2D-4C68-9AAB-74B47BB7FDED}"
EndProject
Project("{9A19103F-16F7-4668-BE54-9A1E7A4F7556}") = "Dominio", "Dominio\Dominio.csproj", "{64599355-E172-41ED-A08F-AB97CDC96800}"
EndProject
Project("{9A19103F-16F7-4668-BE54-9A1E7A4F7556}") = "NotesMinimalAPI", "NotesMinimalAPI\NotesMinimalAPI.csproj", "{5789AFBA-B391-41B4-BB3D-1820AD140DCD}"
EndProject
Global
	GlobalSection(SolutionConfigurationPlatforms) = preSolution
		Debug|anycpu = Debug|anycpu
		Release|anycpu = Release|anycpu
	EndGlobalSection
	GlobalSection(ProjectConfigurationPlatforms) = postSolution
		{2F0D70A3-A6E6-40A3-8CF1-155A11453103}.Debug|anycpu.ActiveCfg = Debug|anycpu
		{2F0D70A3-A6E6-40A3-8CF1-155A11453103}.Debug|anycpu.Build.0 = Debug|anycpu
		{2F0D70A3-A6E6-40A3-8CF1-155A11453103}.Release|anycpu.ActiveCfg = Release|anycpu
		{2F0D70A3-A6E6-40A3-8CF1-155A11453103}.Release|anycpu.Build.0 = Release|anycpu
		{299D77E2-456C-4D12-B8F9-D0CF98D58BA3}.Debug|anycpu.ActiveCfg = Debug|Any CPU
		{299D77E2-456C-4D12-B8F9-D0CF98D58BA3}.Debug|anycpu.Build.0 = Debug|Any CPU
		{299D77E2-456C-4D12-B8F9-D0CF98D58BA3}.Release|anycpu.ActiveCfg = Release|Any CPU
		{299D77E2-456C-4D12-B8F9-D0CF98D58BA3}.Release|anycpu.Build.0 = Release|Any CPU
		{4C4BF1A8-4379-4D0D-B319-B51A7CC98462}.Debug|anycpu.ActiveCfg = Debug|Any CPU
		{4C4BF1A8-4379-4D0D-B319-B51A7CC98462}.Debug|anycpu.Build.0 = Debug|Any CPU
		{4C4BF1A8-4379-4D0D-B319-B51A7CC98462}.Release|anycpu.ActiveCfg = Release|Any CPU
		{4C4BF1A8-4379-4D0D-B319-B51A7CC98462}.Release|anycpu.Build.0 = Release|Any CPU
		{0506D9BA-DDA8-406E-9937-E83C09EAC304}.Debug|anycpu.ActiveCfg = Debug|Any CPU
		{0506D9BA-DDA8-406E-9937-E83C09EAC304}.Debug|anycpu.Build.0 = Debug|Any CPU
		{0506D9BA-DDA8-406E-9937-E83C09EAC304}.Release|anycpu.ActiveCfg = Release|Any CPU
		{0506D9BA-DDA8-406E-9937-E83C09EAC304}.Release|anycpu.Build.0 = Release|Any CPU
		{4CAD031E-3F2D-4C68-9AAB-74B47BB7FDED}.Debug|anycpu.ActiveCfg = Debug|Any CPU
		{4CAD031E-3F2D-4C68-9AAB-74B47BB7FDED}.Debug|anycpu.Build.0 = Debug|Any CPU
		{4CAD031E-3F2D-4C68-9AAB-74B47BB7FDED}.Release|anycpu.ActiveCfg = Release|Any CPU
		{4CAD031E-3F2D-4C68-9AAB-74B47BB7FDED}.Release|anycpu.Build.0 = Release|Any CPU
		{64599355-E172-41ED-A08F-AB97CDC96800}.Debug|anycpu.ActiveCfg = Debug|Any CPU
		{64599355-E172-41ED-A08F-AB97CDC96800}.Debug|anycpu.Build.0 = Debug|Any CPU
		{64599355-E172-41ED-A08F-AB97CDC96800}.Release|anycpu.ActiveCfg = Release|Any CPU
		{64599355-E172-41ED-A08F-AB97CDC96800}.Release|anycpu.Build.0 = Release|Any CPU
		{5789AFBA-B391-41B4-BB3D-1820AD140DCD}.Debug|anycpu.ActiveCfg = Debug|Any CPU
		{5789AFBA-B391-41B4-BB3D-1820AD140DCD}.Debug|anycpu.Build.0 = Debug|Any CPU
		{5789AFBA-B391-41B4-BB3D-1820AD140DCD}.Release|anycpu.ActiveCfg = Release|Any CPU
		{5789AFBA-B391-41B4-BB3D-1820AD140DCD}.Release|anycpu.Build.0 = Release|Any CPU
	EndGlobalSection
	GlobalSection(SolutionProperties) = preSolution
		HideSolutionNode = FALSE
	EndGlobalSection
	GlobalSection(ExtensibilityGlobals) = postSolution
		SolutionGuid = {9809956D-BA5E-44B1-B558-F6289114CD21}
	EndGlobalSection
EndGlobal
